
Microsoft Visual Studio Solution File, Format Version 12.00
# Visual Studio 15
VisualStudioVersion = 15.0.27703.2035
MinimumVisualStudioVersion = 10.0.40219.1
Project("{2150E333-8FDC-42A3-9474-1A3956D46DE8}") = "Core", "Core", "{D6FBD0AD-ADBE-487B-BB0D-1C18B7466DF8}"
EndProject
Project("{9A19103F-16F7-4668-BE54-9A1E7A4F7556}") = "App.Domain.Entities", "App.Domain.Entities\App.Domain.Entities.csproj", "{D933EA16-7EF6-4DFB-A828-F83FF325A68D}"
EndProject
Project("{9A19103F-16F7-4668-BE54-9A1E7A4F7556}") = "App.Domain.RepoInterfaces", "App.Domain.Interfaces\App.Domain.RepoInterfaces.csproj", "{E90233B1-75AA-400E-8AD1-C28FCEB4A706}"
EndProject
Project("{9A19103F-16F7-4668-BE54-9A1E7A4F7556}") = "App.Domain.ServicesInterface", "App.Domain.ServicesInterface\App.Domain.ServicesInterface.csproj", "{C83EA9B6-EE6D-4AD4-981B-90E34617DF26}"
EndProject
Project("{2150E333-8FDC-42A3-9474-1A3956D46DE8}") = "Infrastructure", "Infrastructure", "{CDDFF3FD-9437-404C-84A1-F07829D57EF1}"
EndProject
Project("{2150E333-8FDC-42A3-9474-1A3956D46DE8}") = "Tests", "Tests", "{56550CED-F6E2-4C08-83F2-23F401E00D56}"
EndProject
Project("{2150E333-8FDC-42A3-9474-1A3956D46DE8}") = "Clients", "Clients", "{F0366882-07DD-4C80-BDEC-A3B6DBE8FC26}"
EndProject
Project("{9A19103F-16F7-4668-BE54-9A1E7A4F7556}") = "App.Infrastructure.DataAccess", "App.Infrastructure.DataAccess\App.Infrastructure.DataAccess.csproj", "{C466C5FD-DF9F-4DE9-BD83-C43723C0790C}"
EndProject
Project("{FAE04EC0-301F-11D3-BF4B-00C04F79EFBC}") = "App.Tests.Infrastructure.DataAccess", "App.Tests.Infrastructure.DataAccess\App.Tests.Infrastructure.DataAccess.csproj", "{1887A762-4425-455D-9035-1AAA42E166AC}"
EndProject
Global
	GlobalSection(SolutionConfigurationPlatforms) = preSolution
		Debug|Any CPU = Debug|Any CPU
		Release|Any CPU = Release|Any CPU
	EndGlobalSection
	GlobalSection(ProjectConfigurationPlatforms) = postSolution
		{D933EA16-7EF6-4DFB-A828-F83FF325A68D}.Debug|Any CPU.ActiveCfg = Debug|Any CPU
		{D933EA16-7EF6-4DFB-A828-F83FF325A68D}.Debug|Any CPU.Build.0 = Debug|Any CPU
		{D933EA16-7EF6-4DFB-A828-F83FF325A68D}.Release|Any CPU.ActiveCfg = Release|Any CPU
		{D933EA16-7EF6-4DFB-A828-F83FF325A68D}.Release|Any CPU.Build.0 = Release|Any CPU
		{E90233B1-75AA-400E-8AD1-C28FCEB4A706}.Debug|Any CPU.ActiveCfg = Debug|Any CPU
		{E90233B1-75AA-400E-8AD1-C28FCEB4A706}.Debug|Any CPU.Build.0 = Debug|Any CPU
		{E90233B1-75AA-400E-8AD1-C28FCEB4A706}.Release|Any CPU.ActiveCfg = Release|Any CPU
		{E90233B1-75AA-400E-8AD1-C28FCEB4A706}.Release|Any CPU.Build.0 = Release|Any CPU
		{C83EA9B6-EE6D-4AD4-981B-90E34617DF26}.Debug|Any CPU.ActiveCfg = Debug|Any CPU
		{C83EA9B6-EE6D-4AD4-981B-90E34617DF26}.Debug|Any CPU.Build.0 = Debug|Any CPU
		{C83EA9B6-EE6D-4AD4-981B-90E34617DF26}.Release|Any CPU.ActiveCfg = Release|Any CPU
		{C83EA9B6-EE6D-4AD4-981B-90E34617DF26}.Release|Any CPU.Build.0 = Release|Any CPU
		{C466C5FD-DF9F-4DE9-BD83-C43723C0790C}.Debug|Any CPU.ActiveCfg = Debug|Any CPU
		{C466C5FD-DF9F-4DE9-BD83-C43723C0790C}.Debug|Any CPU.Build.0 = Debug|Any CPU
		{C466C5FD-DF9F-4DE9-BD83-C43723C0790C}.Release|Any CPU.ActiveCfg = Release|Any CPU
		{C466C5FD-DF9F-4DE9-BD83-C43723C0790C}.Release|Any CPU.Build.0 = Release|Any CPU
		{1887A762-4425-455D-9035-1AAA42E166AC}.Debug|Any CPU.ActiveCfg = Debug|Any CPU
		{1887A762-4425-455D-9035-1AAA42E166AC}.Debug|Any CPU.Build.0 = Debug|Any CPU
		{1887A762-4425-455D-9035-1AAA42E166AC}.Release|Any CPU.ActiveCfg = Release|Any CPU
		{1887A762-4425-455D-9035-1AAA42E166AC}.Release|Any CPU.Build.0 = Release|Any CPU
	EndGlobalSection
	GlobalSection(SolutionProperties) = preSolution
		HideSolutionNode = FALSE
	EndGlobalSection
	GlobalSection(NestedProjects) = preSolution
		{D933EA16-7EF6-4DFB-A828-F83FF325A68D} = {D6FBD0AD-ADBE-487B-BB0D-1C18B7466DF8}
		{E90233B1-75AA-400E-8AD1-C28FCEB4A706} = {D6FBD0AD-ADBE-487B-BB0D-1C18B7466DF8}
		{C83EA9B6-EE6D-4AD4-981B-90E34617DF26} = {D6FBD0AD-ADBE-487B-BB0D-1C18B7466DF8}
		{C466C5FD-DF9F-4DE9-BD83-C43723C0790C} = {CDDFF3FD-9437-404C-84A1-F07829D57EF1}
		{1887A762-4425-455D-9035-1AAA42E166AC} = {56550CED-F6E2-4C08-83F2-23F401E00D56}
	EndGlobalSection
	GlobalSection(ExtensibilityGlobals) = postSolution
		SolutionGuid = {0BF25E30-7B5C-4C94-9A79-C6658C246D79}
	EndGlobalSection
EndGlobal
